// !$*UTF8*$!
{
	archiveVersion = 1;
	classes = {
	};
	objectVersion = 56;
	objects = {

/* Begin PBXBuildFile section */
		CB463E452AE6E288007ED666 /* PhotosViewController.swift in Sources */ = {isa = PBXBuildFile; fileRef = CB463E442AE6E288007ED666 /* PhotosViewController.swift */; };
		CB463E472AE6EAFB007ED666 /* PhotosCollectionViewCell.swift in Sources */ = {isa = PBXBuildFile; fileRef = CB463E462AE6EAFB007ED666 /* PhotosCollectionViewCell.swift */; };
		CB4837052AFBEDB200425EF0 /* iOSIntPackage in Frameworks */ = {isa = PBXBuildFile; productRef = CB4837042AFBEDB200425EF0 /* iOSIntPackage */; };
		CB4837072AFBF9D300425EF0 /* User.swift in Sources */ = {isa = PBXBuildFile; fileRef = CB4837062AFBF9D300425EF0 /* User.swift */; };
		CB48370A2AFBFB1A00425EF0 /* CurrentUserService.swift in Sources */ = {isa = PBXBuildFile; fileRef = CB4837092AFBFB1A00425EF0 /* CurrentUserService.swift */; };
		CB56A4972B274C60005B8A48 /* LoginOperation.swift in Sources */ = {isa = PBXBuildFile; fileRef = CB56A4962B274C60005B8A48 /* LoginOperation.swift */; };
		CB7C2C662AFB8A050060D22E /* StorageService.h in Headers */ = {isa = PBXBuildFile; fileRef = CB7C2C652AFB8A050060D22E /* StorageService.h */; settings = {ATTRIBUTES = (Public, ); }; };
		CB7C2C692AFB8A050060D22E /* StorageService.framework in Frameworks */ = {isa = PBXBuildFile; fileRef = CB7C2C632AFB8A050060D22E /* StorageService.framework */; };
		CB7C2C6A2AFB8A050060D22E /* StorageService.framework in Embed Frameworks */ = {isa = PBXBuildFile; fileRef = CB7C2C632AFB8A050060D22E /* StorageService.framework */; settings = {ATTRIBUTES = (CodeSignOnCopy, RemoveHeadersOnCopy, ); }; };
		CB7C2C6F2AFB8A0A0060D22E /* Post.swift in Sources */ = {isa = PBXBuildFile; fileRef = CBCE04362AD86441004AA5F0 /* Post.swift */; };
		CB7EC7092AFE209900F09A97 /* Checker.swift in Sources */ = {isa = PBXBuildFile; fileRef = CB7EC7082AFE209900F09A97 /* Checker.swift */; };
		CB7EC70B2AFE28A700F09A97 /* LoginInspector.swift in Sources */ = {isa = PBXBuildFile; fileRef = CB7EC70A2AFE28A700F09A97 /* LoginInspector.swift */; };
		CB7EC70E2AFE3CBA00F09A97 /* LoginFactory.swift in Sources */ = {isa = PBXBuildFile; fileRef = CB7EC70D2AFE3CBA00F09A97 /* LoginFactory.swift */; };
		CBC5C47E2AE1177F00691357 /* PostTableViewCell.swift in Sources */ = {isa = PBXBuildFile; fileRef = CBC5C47D2AE1177F00691357 /* PostTableViewCell.swift */; };
		CBC83CD42ADF050500F5EDDB /* LogInViewController.swift in Sources */ = {isa = PBXBuildFile; fileRef = CBC83CD32ADF050500F5EDDB /* LogInViewController.swift */; };
		CBC986492B2CAE4400EC6C78 /* AudioViewController.swift in Sources */ = {isa = PBXBuildFile; fileRef = CBC986482B2CAE4400EC6C78 /* AudioViewController.swift */; };
		CBC9864B2B2CB81400EC6C78 /* PlayerViewController.swift in Sources */ = {isa = PBXBuildFile; fileRef = CBC9864A2B2CB81400EC6C78 /* PlayerViewController.swift */; };
		CBC9BCF32AD9A7BB0025AF3E /* ProfileHeaderView.swift in Sources */ = {isa = PBXBuildFile; fileRef = CBC9BCF22AD9A7BB0025AF3E /* ProfileHeaderView.swift */; };
		CBCB796B2B270B39008150DC /* Letters.swift in Sources */ = {isa = PBXBuildFile; fileRef = CBCB796A2B270B39008150DC /* Letters.swift */; };
		CBCBA5182AFCE5480027145C /* TestUserService.swift in Sources */ = {isa = PBXBuildFile; fileRef = CBCBA5172AFCE5480027145C /* TestUserService.swift */; };
		CBCE041D2AD85518004AA5F0 /* AppDelegate.swift in Sources */ = {isa = PBXBuildFile; fileRef = CBCE041C2AD85518004AA5F0 /* AppDelegate.swift */; };
		CBCE04262AD85518004AA5F0 /* Assets.xcassets in Resources */ = {isa = PBXBuildFile; fileRef = CBCE04252AD85518004AA5F0 /* Assets.xcassets */; };
		CBCE04292AD85518004AA5F0 /* LaunchScreen.storyboard in Resources */ = {isa = PBXBuildFile; fileRef = CBCE04272AD85518004AA5F0 /* LaunchScreen.storyboard */; };
		CBCE04312AD85C58004AA5F0 /* FeedViewController.swift in Sources */ = {isa = PBXBuildFile; fileRef = CBCE04302AD85C58004AA5F0 /* FeedViewController.swift */; };
		CBCE04332AD85CFB004AA5F0 /* ProfileViewController.swift in Sources */ = {isa = PBXBuildFile; fileRef = CBCE04322AD85CFB004AA5F0 /* ProfileViewController.swift */; };
		CBCE04352AD85D73004AA5F0 /* PostViewController.swift in Sources */ = {isa = PBXBuildFile; fileRef = CBCE04342AD85D73004AA5F0 /* PostViewController.swift */; };
		CBCE04392AD870B0004AA5F0 /* AudioNoteViewConNoroller.swift in Sources */ = {isa = PBXBuildFile; fileRef = CBCE04382AD870B0004AA5F0 /* AudioNoteViewConNoroller.swift */; };
		CBCE83842AE2B57200238330 /* PhotosTableViewCell.swift in Sources */ = {isa = PBXBuildFile; fileRef = CBCE83832AE2B57200238330 /* PhotosTableViewCell.swift */; };
		CBFA50F72B1649050085DD5E /* CustomButton.swift in Sources */ = {isa = PBXBuildFile; fileRef = CBFA50F62B1649050085DD5E /* CustomButton.swift */; };
		CBFA50F92B18DAE40085DD5E /* FeedModel.swift in Sources */ = {isa = PBXBuildFile; fileRef = CBFA50F82B18DAE40085DD5E /* FeedModel.swift */; };
		CBFA50FB2B19FD0D0085DD5E /* Coordinator.swift in Sources */ = {isa = PBXBuildFile; fileRef = CBFA50FA2B19FD0D0085DD5E /* Coordinator.swift */; };
		CBFA50FE2B19FDAE0085DD5E /* MainCoordinator.swift in Sources */ = {isa = PBXBuildFile; fileRef = CBFA50FD2B19FDAE0085DD5E /* MainCoordinator.swift */; };
		CBFA51002B19FEC30085DD5E /* ProfileCoordiinator.swift in Sources */ = {isa = PBXBuildFile; fileRef = CBFA50FF2B19FEC30085DD5E /* ProfileCoordiinator.swift */; };
		CBFA51022B1A085F0085DD5E /* FeedCoordinator.swift in Sources */ = {isa = PBXBuildFile; fileRef = CBFA51012B1A085F0085DD5E /* FeedCoordinator.swift */; };
		CBFA51052B1A3BB80085DD5E /* ProfileModel.swift in Sources */ = {isa = PBXBuildFile; fileRef = CBFA51042B1A3BB80085DD5E /* ProfileModel.swift */; };
		CBFA51072B1A3D3D0085DD5E /* ProfileViewModel.swift in Sources */ = {isa = PBXBuildFile; fileRef = CBFA51062B1A3D3D0085DD5E /* ProfileViewModel.swift */; };
		F14D7610F420904F00C7F2EF /* Pods_social_media.framework in Frameworks */ = {isa = PBXBuildFile; fileRef = 86F909419D110F21E6872C22 /* Pods_social_media.framework */; };
/* End PBXBuildFile section */

/* Begin PBXContainerItemProxy section */
		CB7C2C672AFB8A050060D22E /* PBXContainerItemProxy */ = {
			isa = PBXContainerItemProxy;
			containerPortal = CBCE04112AD85518004AA5F0 /* Project object */;
			proxyType = 1;
			remoteGlobalIDString = CB7C2C622AFB8A050060D22E;
			remoteInfo = StorageService;
		};
/* End PBXContainerItemProxy section */

/* Begin PBXCopyFilesBuildPhase section */
		CB7C2C6B2AFB8A050060D22E /* Embed Frameworks */ = {
			isa = PBXCopyFilesBuildPhase;
			buildActionMask = 2147483647;
			dstPath = "";
			dstSubfolderSpec = 10;
			files = (
				CB7C2C6A2AFB8A050060D22E /* StorageService.framework in Embed Frameworks */,
			);
			name = "Embed Frameworks";
			runOnlyForDeploymentPostprocessing = 0;
		};
/* End PBXCopyFilesBuildPhase section */

/* Begin PBXFileReference section */
		0464AB4C83410DC10B0EDEB4 /* Pods-social_media.release.xcconfig */ = {isa = PBXFileReference; includeInIndex = 1; lastKnownFileType = text.xcconfig; name = "Pods-social_media.release.xcconfig"; path = "Target Support Files/Pods-social_media/Pods-social_media.release.xcconfig"; sourceTree = "<group>"; };
		36D2DCD53460AC99325906B7 /* Pods-social_media.debug.xcconfig */ = {isa = PBXFileReference; includeInIndex = 1; lastKnownFileType = text.xcconfig; name = "Pods-social_media.debug.xcconfig"; path = "Target Support Files/Pods-social_media/Pods-social_media.debug.xcconfig"; sourceTree = "<group>"; };
		86F909419D110F21E6872C22 /* Pods_social_media.framework */ = {isa = PBXFileReference; explicitFileType = wrapper.framework; includeInIndex = 0; path = Pods_social_media.framework; sourceTree = BUILT_PRODUCTS_DIR; };
		CB463E442AE6E288007ED666 /* PhotosViewController.swift */ = {isa = PBXFileReference; lastKnownFileType = sourcecode.swift; path = PhotosViewController.swift; sourceTree = "<group>"; };
		CB463E462AE6EAFB007ED666 /* PhotosCollectionViewCell.swift */ = {isa = PBXFileReference; lastKnownFileType = sourcecode.swift; path = PhotosCollectionViewCell.swift; sourceTree = "<group>"; };
		CB4837062AFBF9D300425EF0 /* User.swift */ = {isa = PBXFileReference; lastKnownFileType = sourcecode.swift; path = User.swift; sourceTree = "<group>"; };
		CB4837092AFBFB1A00425EF0 /* CurrentUserService.swift */ = {isa = PBXFileReference; lastKnownFileType = sourcecode.swift; path = CurrentUserService.swift; sourceTree = "<group>"; };
		CB56A4962B274C60005B8A48 /* LoginOperation.swift */ = {isa = PBXFileReference; lastKnownFileType = sourcecode.swift; path = LoginOperation.swift; sourceTree = "<group>"; };
		CB7C2C632AFB8A050060D22E /* StorageService.framework */ = {isa = PBXFileReference; explicitFileType = wrapper.framework; includeInIndex = 0; path = StorageService.framework; sourceTree = BUILT_PRODUCTS_DIR; };
		CB7C2C652AFB8A050060D22E /* StorageService.h */ = {isa = PBXFileReference; lastKnownFileType = sourcecode.c.h; path = StorageService.h; sourceTree = "<group>"; };
		CB7EC7082AFE209900F09A97 /* Checker.swift */ = {isa = PBXFileReference; lastKnownFileType = sourcecode.swift; path = Checker.swift; sourceTree = "<group>"; };
		CB7EC70A2AFE28A700F09A97 /* LoginInspector.swift */ = {isa = PBXFileReference; lastKnownFileType = sourcecode.swift; path = LoginInspector.swift; sourceTree = "<group>"; };
		CB7EC70D2AFE3CBA00F09A97 /* LoginFactory.swift */ = {isa = PBXFileReference; lastKnownFileType = sourcecode.swift; path = LoginFactory.swift; sourceTree = "<group>"; };
		CBC5C47D2AE1177F00691357 /* PostTableViewCell.swift */ = {isa = PBXFileReference; lastKnownFileType = sourcecode.swift; path = PostTableViewCell.swift; sourceTree = "<group>"; };
		CBC83CD32ADF050500F5EDDB /* LogInViewController.swift */ = {isa = PBXFileReference; lastKnownFileType = sourcecode.swift; path = LogInViewController.swift; sourceTree = "<group>"; };
		CBC986482B2CAE4400EC6C78 /* AudioViewController.swift */ = {isa = PBXFileReference; lastKnownFileType = sourcecode.swift; path = AudioViewController.swift; sourceTree = "<group>"; };
		CBC9864A2B2CB81400EC6C78 /* PlayerViewController.swift */ = {isa = PBXFileReference; lastKnownFileType = sourcecode.swift; path = PlayerViewController.swift; sourceTree = "<group>"; };
		CBC9BCF22AD9A7BB0025AF3E /* ProfileHeaderView.swift */ = {isa = PBXFileReference; lastKnownFileType = sourcecode.swift; path = ProfileHeaderView.swift; sourceTree = "<group>"; };
		CBCB796A2B270B39008150DC /* Letters.swift */ = {isa = PBXFileReference; lastKnownFileType = sourcecode.swift; path = Letters.swift; sourceTree = "<group>"; };
		CBCBA5172AFCE5480027145C /* TestUserService.swift */ = {isa = PBXFileReference; lastKnownFileType = sourcecode.swift; path = TestUserService.swift; sourceTree = "<group>"; };
		CBCE04192AD85518004AA5F0 /* social_media.app */ = {isa = PBXFileReference; explicitFileType = wrapper.application; includeInIndex = 0; path = social_media.app; sourceTree = BUILT_PRODUCTS_DIR; };
		CBCE041C2AD85518004AA5F0 /* AppDelegate.swift */ = {isa = PBXFileReference; lastKnownFileType = sourcecode.swift; path = AppDelegate.swift; sourceTree = "<group>"; };
		CBCE04252AD85518004AA5F0 /* Assets.xcassets */ = {isa = PBXFileReference; lastKnownFileType = folder.assetcatalog; path = Assets.xcassets; sourceTree = "<group>"; };
		CBCE04282AD85518004AA5F0 /* Base */ = {isa = PBXFileReference; lastKnownFileType = file.storyboard; name = Base; path = Base.lproj/LaunchScreen.storyboard; sourceTree = "<group>"; };
		CBCE042A2AD85518004AA5F0 /* Info.plist */ = {isa = PBXFileReference; lastKnownFileType = text.plist.xml; path = Info.plist; sourceTree = "<group>"; };
		CBCE04302AD85C58004AA5F0 /* FeedViewController.swift */ = {isa = PBXFileReference; lastKnownFileType = sourcecode.swift; path = FeedViewController.swift; sourceTree = "<group>"; };
		CBCE04322AD85CFB004AA5F0 /* ProfileViewController.swift */ = {isa = PBXFileReference; lastKnownFileType = sourcecode.swift; path = ProfileViewController.swift; sourceTree = "<group>"; };
		CBCE04342AD85D73004AA5F0 /* PostViewController.swift */ = {isa = PBXFileReference; lastKnownFileType = sourcecode.swift; path = PostViewController.swift; sourceTree = "<group>"; };
		CBCE04362AD86441004AA5F0 /* Post.swift */ = {isa = PBXFileReference; lastKnownFileType = sourcecode.swift; path = Post.swift; sourceTree = "<group>"; };
		CBCE04382AD870B0004AA5F0 /* AudioNoteViewConNoroller.swift */ = {isa = PBXFileReference; lastKnownFileType = sourcecode.swift; path = AudioNoteViewConNoroller.swift; sourceTree = "<group>"; };
		CBCE83832AE2B57200238330 /* PhotosTableViewCell.swift */ = {isa = PBXFileReference; lastKnownFileType = sourcecode.swift; path = PhotosTableViewCell.swift; sourceTree = "<group>"; };
		CBFA50F62B1649050085DD5E /* CustomButton.swift */ = {isa = PBXFileReference; lastKnownFileType = sourcecode.swift; path = CustomButton.swift; sourceTree = "<group>"; };
		CBFA50F82B18DAE40085DD5E /* FeedModel.swift */ = {isa = PBXFileReference; lastKnownFileType = sourcecode.swift; path = FeedModel.swift; sourceTree = "<group>"; };
		CBFA50FA2B19FD0D0085DD5E /* Coordinator.swift */ = {isa = PBXFileReference; lastKnownFileType = sourcecode.swift; path = Coordinator.swift; sourceTree = "<group>"; };
		CBFA50FD2B19FDAE0085DD5E /* MainCoordinator.swift */ = {isa = PBXFileReference; lastKnownFileType = sourcecode.swift; path = MainCoordinator.swift; sourceTree = "<group>"; };
		CBFA50FF2B19FEC30085DD5E /* ProfileCoordiinator.swift */ = {isa = PBXFileReference; lastKnownFileType = sourcecode.swift; path = ProfileCoordiinator.swift; sourceTree = "<group>"; };
		CBFA51012B1A085F0085DD5E /* FeedCoordinator.swift */ = {isa = PBXFileReference; lastKnownFileType = sourcecode.swift; path = FeedCoordinator.swift; sourceTree = "<group>"; };
		CBFA51042B1A3BB80085DD5E /* ProfileModel.swift */ = {isa = PBXFileReference; lastKnownFileType = sourcecode.swift; path = ProfileModel.swift; sourceTree = "<group>"; };
		CBFA51062B1A3D3D0085DD5E /* ProfileViewModel.swift */ = {isa = PBXFileReference; lastKnownFileType = sourcecode.swift; path = ProfileViewModel.swift; sourceTree = "<group>"; };
/* End PBXFileReference section */

/* Begin PBXFrameworksBuildPhase section */
		CB7C2C602AFB8A050060D22E /* Frameworks */ = {
			isa = PBXFrameworksBuildPhase;
			buildActionMask = 2147483647;
			files = (
			);
			runOnlyForDeploymentPostprocessing = 0;
		};
		CBCE04162AD85518004AA5F0 /* Frameworks */ = {
			isa = PBXFrameworksBuildPhase;
			buildActionMask = 2147483647;
			files = (
				CB4837052AFBEDB200425EF0 /* iOSIntPackage in Frameworks */,
				CB7C2C692AFB8A050060D22E /* StorageService.framework in Frameworks */,
				F14D7610F420904F00C7F2EF /* Pods_social_media.framework in Frameworks */,
			);
			runOnlyForDeploymentPostprocessing = 0;
		};
/* End PBXFrameworksBuildPhase section */

/* Begin PBXGroup section */
		13535C3891F732765672D415 /* Frameworks */ = {
			isa = PBXGroup;
			children = (
				86F909419D110F21E6872C22 /* Pods_social_media.framework */,
			);
			name = Frameworks;
			sourceTree = "<group>";
		};
		CB4837082AFBFAEF00425EF0 /* User */ = {
			isa = PBXGroup;
			children = (
				CB4837062AFBF9D300425EF0 /* User.swift */,
				CB4837092AFBFB1A00425EF0 /* CurrentUserService.swift */,
				CBCBA5172AFCE5480027145C /* TestUserService.swift */,
			);
			path = User;
			sourceTree = "<group>";
		};
		CB7C2C642AFB8A050060D22E /* StorageService */ = {
			isa = PBXGroup;
			children = (
				CB7C2C652AFB8A050060D22E /* StorageService.h */,
			);
			path = StorageService;
			sourceTree = "<group>";
		};
		CB7EC70C2AFE3CA600F09A97 /* Login */ = {
			isa = PBXGroup;
			children = (
				CBC83CD32ADF050500F5EDDB /* LogInViewController.swift */,
				CB7EC70D2AFE3CBA00F09A97 /* LoginFactory.swift */,
				CB7EC70A2AFE28A700F09A97 /* LoginInspector.swift */,
				CB7EC7082AFE209900F09A97 /* Checker.swift */,
				CBCB796A2B270B39008150DC /* Letters.swift */,
				CB56A4962B274C60005B8A48 /* LoginOperation.swift */,
			);
			path = Login;
			sourceTree = "<group>";
		};
		CBC5C47F2AE1178700691357 /* Post */ = {
			isa = PBXGroup;
			children = (
				CBCE04362AD86441004AA5F0 /* Post.swift */,
				CBC5C47D2AE1177F00691357 /* PostTableViewCell.swift */,
			);
			path = Post;
			sourceTree = "<group>";
		};
		CBC9BCF12AD9A7880025AF3E /* Profile */ = {
			isa = PBXGroup;
			children = (
				CBFA51032B1A13C00085DD5E /* Photos */,
				CBCE04322AD85CFB004AA5F0 /* ProfileViewController.swift */,
				CBFA51062B1A3D3D0085DD5E /* ProfileViewModel.swift */,
				CBFA51042B1A3BB80085DD5E /* ProfileModel.swift */,
				CBC9BCF22AD9A7BB0025AF3E /* ProfileHeaderView.swift */,
				CBCE83832AE2B57200238330 /* PhotosTableViewCell.swift */,
				CB7EC70C2AFE3CA600F09A97 /* Login */,
				CB4837082AFBFAEF00425EF0 /* User */,
			);
			path = Profile;
			sourceTree = "<group>";
		};
		CBCE04102AD85518004AA5F0 = {
			isa = PBXGroup;
			children = (
				CBCE041B2AD85518004AA5F0 /* social_media */,
				CB7C2C642AFB8A050060D22E /* StorageService */,
				CBCE041A2AD85518004AA5F0 /* Products */,
				F72B0ACDD012FA570A78126D /* Pods */,
				13535C3891F732765672D415 /* Frameworks */,
			);
			sourceTree = "<group>";
		};
		CBCE041A2AD85518004AA5F0 /* Products */ = {
			isa = PBXGroup;
			children = (
				CBCE04192AD85518004AA5F0 /* social_media.app */,
				CB7C2C632AFB8A050060D22E /* StorageService.framework */,
			);
			name = Products;
			sourceTree = "<group>";
		};
		CBCE041B2AD85518004AA5F0 /* social_media */ = {
			isa = PBXGroup;
			children = (
				CBC9BCF12AD9A7880025AF3E /* Profile */,
				CBC5C47F2AE1178700691357 /* Post */,
				CBCE83822AE2AEEC00238330 /* Feed */,
				CBFA50FC2B19FD110085DD5E /* Coordinators */,
				CBCE041C2AD85518004AA5F0 /* AppDelegate.swift */,
				CBCE04252AD85518004AA5F0 /* Assets.xcassets */,
				CBCE04272AD85518004AA5F0 /* LaunchScreen.storyboard */,
				CBCE042A2AD85518004AA5F0 /* Info.plist */,
			);
			path = social_media;
			sourceTree = "<group>";
		};
		CBCE83822AE2AEEC00238330 /* Feed */ = {
			isa = PBXGroup;
			children = (
				CBCE04302AD85C58004AA5F0 /* FeedViewController.swift */,
				CBFA50F82B18DAE40085DD5E /* FeedModel.swift */,
				CBCE04342AD85D73004AA5F0 /* PostViewController.swift */,
				CBC9864A2B2CB81400EC6C78 /* PlayerViewController.swift */,
				CBC986482B2CAE4400EC6C78 /* AudioViewController.swift */,
				CBCE04382AD870B0004AA5F0 /* AudioNoteViewConNoroller.swift */,
				CBFA50F62B1649050085DD5E /* CustomButton.swift */,
			);
			path = Feed;
			sourceTree = "<group>";
		};
		CBFA50FC2B19FD110085DD5E /* Coordinators */ = {
			isa = PBXGroup;
			children = (
				CBFA50FA2B19FD0D0085DD5E /* Coordinator.swift */,
				CBFA50FD2B19FDAE0085DD5E /* MainCoordinator.swift */,
				CBFA51012B1A085F0085DD5E /* FeedCoordinator.swift */,
				CBFA50FF2B19FEC30085DD5E /* ProfileCoordiinator.swift */,
			);
			path = Coordinators;
			sourceTree = "<group>";
		};
		CBFA51032B1A13C00085DD5E /* Photos */ = {
			isa = PBXGroup;
			children = (
				CB463E442AE6E288007ED666 /* PhotosViewController.swift */,
				CB463E462AE6EAFB007ED666 /* PhotosCollectionViewCell.swift */,
			);
			path = Photos;
			sourceTree = "<group>";
		};
		F72B0ACDD012FA570A78126D /* Pods */ = {
			isa = PBXGroup;
			children = (
				36D2DCD53460AC99325906B7 /* Pods-social_media.debug.xcconfig */,
				0464AB4C83410DC10B0EDEB4 /* Pods-social_media.release.xcconfig */,
			);
			path = Pods;
			sourceTree = "<group>";
		};
/* End PBXGroup section */

/* Begin PBXHeadersBuildPhase section */
		CB7C2C5E2AFB8A050060D22E /* Headers */ = {
			isa = PBXHeadersBuildPhase;
			buildActionMask = 2147483647;
			files = (
				CB7C2C662AFB8A050060D22E /* StorageService.h in Headers */,
			);
			runOnlyForDeploymentPostprocessing = 0;
		};
/* End PBXHeadersBuildPhase section */

/* Begin PBXNativeTarget section */
		CB7C2C622AFB8A050060D22E /* StorageService */ = {
			isa = PBXNativeTarget;
			buildConfigurationList = CB7C2C6E2AFB8A050060D22E /* Build configuration list for PBXNativeTarget "StorageService" */;
			buildPhases = (
				CB7C2C5E2AFB8A050060D22E /* Headers */,
				CB7C2C5F2AFB8A050060D22E /* Sources */,
				CB7C2C602AFB8A050060D22E /* Frameworks */,
				CB7C2C612AFB8A050060D22E /* Resources */,
			);
			buildRules = (
			);
			dependencies = (
			);
			name = StorageService;
			productName = StorageService;
			productReference = CB7C2C632AFB8A050060D22E /* StorageService.framework */;
			productType = "com.apple.product-type.framework";
		};
		CBCE04182AD85518004AA5F0 /* social_media */ = {
			isa = PBXNativeTarget;
			buildConfigurationList = CBCE042D2AD85518004AA5F0 /* Build configuration list for PBXNativeTarget "social_media" */;
			buildPhases = (
				6D4B6CD9B73755EC8ED960F2 /* [CP] Check Pods Manifest.lock */,
				CBCE04152AD85518004AA5F0 /* Sources */,
				CBCE04162AD85518004AA5F0 /* Frameworks */,
				CBCE04172AD85518004AA5F0 /* Resources */,
				CB7C2C6B2AFB8A050060D22E /* Embed Frameworks */,
				F79D545690EC7B581CF20D5D /* [CP] Embed Pods Frameworks */,
			);
			buildRules = (
			);
			dependencies = (
				CB7C2C682AFB8A050060D22E /* PBXTargetDependency */,
			);
			name = social_media;
			packageProductDependencies = (
				CB4837042AFBEDB200425EF0 /* iOSIntPackage */,
			);
			productName = social_media;
			productReference = CBCE04192AD85518004AA5F0 /* social_media.app */;
			productType = "com.apple.product-type.application";
		};
/* End PBXNativeTarget section */

/* Begin PBXProject section */
		CBCE04112AD85518004AA5F0 /* Project object */ = {
			isa = PBXProject;
			attributes = {
				BuildIndependentTargetsInParallel = 1;
				LastSwiftUpdateCheck = 1430;
				LastUpgradeCheck = 1500;
				TargetAttributes = {
					CB7C2C622AFB8A050060D22E = {
						CreatedOnToolsVersion = 15.0;
					};
					CBCE04182AD85518004AA5F0 = {
						CreatedOnToolsVersion = 14.3.1;
					};
				};
			};
			buildConfigurationList = CBCE04142AD85518004AA5F0 /* Build configuration list for PBXProject "social_media" */;
			compatibilityVersion = "Xcode 14.0";
			developmentRegion = en;
			hasScannedForEncodings = 0;
			knownRegions = (
				en,
				Base,
			);
			mainGroup = CBCE04102AD85518004AA5F0;
			packageReferences = (
				CB4837032AFBEC3C00425EF0 /* XCRemoteSwiftPackageReference "iOSIntPackage" */,
			);
			productRefGroup = CBCE041A2AD85518004AA5F0 /* Products */;
			projectDirPath = "";
			projectRoot = "";
			targets = (
				CBCE04182AD85518004AA5F0 /* social_media */,
				CB7C2C622AFB8A050060D22E /* StorageService */,
			);
		};
/* End PBXProject section */

/* Begin PBXResourcesBuildPhase section */
		CB7C2C612AFB8A050060D22E /* Resources */ = {
			isa = PBXResourcesBuildPhase;
			buildActionMask = 2147483647;
			files = (
			);
			runOnlyForDeploymentPostprocessing = 0;
		};
		CBCE04172AD85518004AA5F0 /* Resources */ = {
			isa = PBXResourcesBuildPhase;
			buildActionMask = 2147483647;
			files = (
				CBCE04292AD85518004AA5F0 /* LaunchScreen.storyboard in Resources */,
				CBCE04262AD85518004AA5F0 /* Assets.xcassets in Resources */,
			);
			runOnlyForDeploymentPostprocessing = 0;
		};
/* End PBXResourcesBuildPhase section */

/* Begin PBXShellScriptBuildPhase section */
		6D4B6CD9B73755EC8ED960F2 /* [CP] Check Pods Manifest.lock */ = {
			isa = PBXShellScriptBuildPhase;
			buildActionMask = 2147483647;
			files = (
			);
			inputFileListPaths = (
			);
			inputPaths = (
				"${PODS_PODFILE_DIR_PATH}/Podfile.lock",
				"${PODS_ROOT}/Manifest.lock",
			);
			name = "[CP] Check Pods Manifest.lock";
			outputFileListPaths = (
			);
			outputPaths = (
				"$(DERIVED_FILE_DIR)/Pods-social_media-checkManifestLockResult.txt",
			);
			runOnlyForDeploymentPostprocessing = 0;
			shellPath = /bin/sh;
			shellScript = "diff \"${PODS_PODFILE_DIR_PATH}/Podfile.lock\" \"${PODS_ROOT}/Manifest.lock\" > /dev/null\nif [ $? != 0 ] ; then\n    # print error to STDERR\n    echo \"error: The sandbox is not in sync with the Podfile.lock. Run 'pod install' or update your CocoaPods installation.\" >&2\n    exit 1\nfi\n# This output is used by Xcode 'outputs' to avoid re-running this script phase.\necho \"SUCCESS\" > \"${SCRIPT_OUTPUT_FILE_0}\"\n";
			showEnvVarsInLog = 0;
		};
		F79D545690EC7B581CF20D5D /* [CP] Embed Pods Frameworks */ = {
			isa = PBXShellScriptBuildPhase;
			buildActionMask = 2147483647;
			files = (
			);
			inputFileListPaths = (
				"${PODS_ROOT}/Target Support Files/Pods-social_media/Pods-social_media-frameworks-${CONFIGURATION}-input-files.xcfilelist",
			);
			name = "[CP] Embed Pods Frameworks";
			outputFileListPaths = (
				"${PODS_ROOT}/Target Support Files/Pods-social_media/Pods-social_media-frameworks-${CONFIGURATION}-output-files.xcfilelist",
			);
			runOnlyForDeploymentPostprocessing = 0;
			shellPath = /bin/sh;
			shellScript = "\"${PODS_ROOT}/Target Support Files/Pods-social_media/Pods-social_media-frameworks.sh\"\n";
			showEnvVarsInLog = 0;
		};
/* End PBXShellScriptBuildPhase section */

/* Begin PBXSourcesBuildPhase section */
		CB7C2C5F2AFB8A050060D22E /* Sources */ = {
			isa = PBXSourcesBuildPhase;
			buildActionMask = 2147483647;
			files = (
				CB7C2C6F2AFB8A0A0060D22E /* Post.swift in Sources */,
			);
			runOnlyForDeploymentPostprocessing = 0;
		};
		CBCE04152AD85518004AA5F0 /* Sources */ = {
			isa = PBXSourcesBuildPhase;
			buildActionMask = 2147483647;
			files = (
				CB4837072AFBF9D300425EF0 /* User.swift in Sources */,
				CBFA50F72B1649050085DD5E /* CustomButton.swift in Sources */,
				CBCE04312AD85C58004AA5F0 /* FeedViewController.swift in Sources */,
				CBC83CD42ADF050500F5EDDB /* LogInViewController.swift in Sources */,
				CBFA50FE2B19FDAE0085DD5E /* MainCoordinator.swift in Sources */,
				CBC986492B2CAE4400EC6C78 /* AudioViewController.swift in Sources */,
				CBCE83842AE2B57200238330 /* PhotosTableViewCell.swift in Sources */,
				CBC9864B2B2CB81400EC6C78 /* PlayerViewController.swift in Sources */,
				CB463E472AE6EAFB007ED666 /* PhotosCollectionViewCell.swift in Sources */,
				CBFA50F92B18DAE40085DD5E /* FeedModel.swift in Sources */,
				CB7EC70B2AFE28A700F09A97 /* LoginInspector.swift in Sources */,
				CBCE04332AD85CFB004AA5F0 /* ProfileViewController.swift in Sources */,
				CB56A4972B274C60005B8A48 /* LoginOperation.swift in Sources */,
				CBCE04392AD870B0004AA5F0 /* AudioNoteViewConNoroller.swift in Sources */,
				CBFA51022B1A085F0085DD5E /* FeedCoordinator.swift in Sources */,
				CBCBA5182AFCE5480027145C /* TestUserService.swift in Sources */,
				CB48370A2AFBFB1A00425EF0 /* CurrentUserService.swift in Sources */,
				CBFA51072B1A3D3D0085DD5E /* ProfileViewModel.swift in Sources */,
				CBCE041D2AD85518004AA5F0 /* AppDelegate.swift in Sources */,
				CBFA51052B1A3BB80085DD5E /* ProfileModel.swift in Sources */,
				CBC5C47E2AE1177F00691357 /* PostTableViewCell.swift in Sources */,
				CB463E452AE6E288007ED666 /* PhotosViewController.swift in Sources */,
				CBCB796B2B270B39008150DC /* Letters.swift in Sources */,
				CB7EC70E2AFE3CBA00F09A97 /* LoginFactory.swift in Sources */,
				CB7EC7092AFE209900F09A97 /* Checker.swift in Sources */,
				CBFA51002B19FEC30085DD5E /* ProfileCoordiinator.swift in Sources */,
				CBCE04352AD85D73004AA5F0 /* PostViewController.swift in Sources */,
				CBC9BCF32AD9A7BB0025AF3E /* ProfileHeaderView.swift in Sources */,
				CBFA50FB2B19FD0D0085DD5E /* Coordinator.swift in Sources */,
			);
			runOnlyForDeploymentPostprocessing = 0;
		};
/* End PBXSourcesBuildPhase section */

/* Begin PBXTargetDependency section */
		CB7C2C682AFB8A050060D22E /* PBXTargetDependency */ = {
			isa = PBXTargetDependency;
			target = CB7C2C622AFB8A050060D22E /* StorageService */;
			targetProxy = CB7C2C672AFB8A050060D22E /* PBXContainerItemProxy */;
		};
/* End PBXTargetDependency section */

/* Begin PBXVariantGroup section */
		CBCE04272AD85518004AA5F0 /* LaunchScreen.storyboard */ = {
			isa = PBXVariantGroup;
			children = (
				CBCE04282AD85518004AA5F0 /* Base */,
			);
			name = LaunchScreen.storyboard;
			sourceTree = "<group>";
		};
/* End PBXVariantGroup section */

/* Begin XCBuildConfiguration section */
		CB7C2C6C2AFB8A050060D22E /* Debug */ = {
			isa = XCBuildConfiguration;
			buildSettings = {
				ASSETCATALOG_COMPILER_GENERATE_SWIFT_ASSET_SYMBOL_EXTENSIONS = YES;
				CODE_SIGN_IDENTITY = "";
				CODE_SIGN_STYLE = Automatic;
				CURRENT_PROJECT_VERSION = 1;
				DEFINES_MODULE = YES;
				DEVELOPMENT_TEAM = Y5B46GH7KM;
				DYLIB_COMPATIBILITY_VERSION = 1;
				DYLIB_CURRENT_VERSION = 1;
				DYLIB_INSTALL_NAME_BASE = "@rpath";
				ENABLE_MODULE_VERIFIER = YES;
				ENABLE_USER_SCRIPT_SANDBOXING = YES;
				GCC_C_LANGUAGE_STANDARD = gnu17;
				GENERATE_INFOPLIST_FILE = YES;
				INFOPLIST_KEY_NSHumanReadableCopyright = "";
				INSTALL_PATH = "$(LOCAL_LIBRARY_DIR)/Frameworks";
				IPHONEOS_DEPLOYMENT_TARGET = 16.4;
				LD_RUNPATH_SEARCH_PATHS = (
					"$(inherited)",
					"@executable_path/Frameworks",
					"@loader_path/Frameworks",
				);
				LOCALIZATION_PREFERS_STRING_CATALOGS = YES;
				MARKETING_VERSION = 1.0;
				MODULE_VERIFIER_SUPPORTED_LANGUAGES = "objective-c objective-c++";
				MODULE_VERIFIER_SUPPORTED_LANGUAGE_STANDARDS = "gnu17 gnu++20";
				PRODUCT_BUNDLE_IDENTIFIER = com.MariaNesterova.StorageService;
				PRODUCT_NAME = "$(TARGET_NAME:c99extidentifier)";
				SKIP_INSTALL = YES;
				SWIFT_ACTIVE_COMPILATION_CONDITIONS = "DEBUG $(inherited)";
				SWIFT_EMIT_LOC_STRINGS = YES;
				SWIFT_VERSION = 5.0;
				TARGETED_DEVICE_FAMILY = "1,2";
				VERSIONING_SYSTEM = "apple-generic";
				VERSION_INFO_PREFIX = "";
			};
			name = Debug;
		};
		CB7C2C6D2AFB8A050060D22E /* Release */ = {
			isa = XCBuildConfiguration;
			buildSettings = {
				ASSETCATALOG_COMPILER_GENERATE_SWIFT_ASSET_SYMBOL_EXTENSIONS = YES;
				CODE_SIGN_IDENTITY = "";
				CODE_SIGN_STYLE = Automatic;
				CURRENT_PROJECT_VERSION = 1;
				DEFINES_MODULE = YES;
				DEVELOPMENT_TEAM = Y5B46GH7KM;
				DYLIB_COMPATIBILITY_VERSION = 1;
				DYLIB_CURRENT_VERSION = 1;
				DYLIB_INSTALL_NAME_BASE = "@rpath";
				ENABLE_MODULE_VERIFIER = YES;
				ENABLE_USER_SCRIPT_SANDBOXING = YES;
				GCC_C_LANGUAGE_STANDARD = gnu17;
				GENERATE_INFOPLIST_FILE = YES;
				INFOPLIST_KEY_NSHumanReadableCopyright = "";
				INSTALL_PATH = "$(LOCAL_LIBRARY_DIR)/Frameworks";
				IPHONEOS_DEPLOYMENT_TARGET = 16.4;
				LD_RUNPATH_SEARCH_PATHS = (
					"$(inherited)",
					"@executable_path/Frameworks",
					"@loader_path/Frameworks",
				);
				LOCALIZATION_PREFERS_STRING_CATALOGS = YES;
				MARKETING_VERSION = 1.0;
				MODULE_VERIFIER_SUPPORTED_LANGUAGES = "objective-c objective-c++";
				MODULE_VERIFIER_SUPPORTED_LANGUAGE_STANDARDS = "gnu17 gnu++20";
				PRODUCT_BUNDLE_IDENTIFIER = com.MariaNesterova.StorageService;
				PRODUCT_NAME = "$(TARGET_NAME:c99extidentifier)";
				SKIP_INSTALL = YES;
				SWIFT_EMIT_LOC_STRINGS = YES;
				SWIFT_VERSION = 5.0;
				TARGETED_DEVICE_FAMILY = "1,2";
				VERSIONING_SYSTEM = "apple-generic";
				VERSION_INFO_PREFIX = "";
			};
			name = Release;
		};
		CBCE042B2AD85518004AA5F0 /* Debug */ = {
			isa = XCBuildConfiguration;
			buildSettings = {
				ALWAYS_SEARCH_USER_PATHS = NO;
				CLANG_ANALYZER_NONNULL = YES;
				CLANG_ANALYZER_NUMBER_OBJECT_CONVERSION = YES_AGGRESSIVE;
				CLANG_CXX_LANGUAGE_STANDARD = "gnu++20";
				CLANG_ENABLE_MODULES = YES;
				CLANG_ENABLE_OBJC_ARC = YES;
				CLANG_ENABLE_OBJC_WEAK = YES;
				CLANG_WARN_BLOCK_CAPTURE_AUTORELEASING = YES;
				CLANG_WARN_BOOL_CONVERSION = YES;
				CLANG_WARN_COMMA = YES;
				CLANG_WARN_CONSTANT_CONVERSION = YES;
				CLANG_WARN_DEPRECATED_OBJC_IMPLEMENTATIONS = YES;
				CLANG_WARN_DIRECT_OBJC_ISA_USAGE = YES_ERROR;
				CLANG_WARN_DOCUMENTATION_COMMENTS = YES;
				CLANG_WARN_EMPTY_BODY = YES;
				CLANG_WARN_ENUM_CONVERSION = YES;
				CLANG_WARN_INFINITE_RECURSION = YES;
				CLANG_WARN_INT_CONVERSION = YES;
				CLANG_WARN_NON_LITERAL_NULL_CONVERSION = YES;
				CLANG_WARN_OBJC_IMPLICIT_RETAIN_SELF = YES;
				CLANG_WARN_OBJC_LITERAL_CONVERSION = YES;
				CLANG_WARN_OBJC_ROOT_CLASS = YES_ERROR;
				CLANG_WARN_QUOTED_INCLUDE_IN_FRAMEWORK_HEADER = YES;
				CLANG_WARN_RANGE_LOOP_ANALYSIS = YES;
				CLANG_WARN_STRICT_PROTOTYPES = YES;
				CLANG_WARN_SUSPICIOUS_MOVE = YES;
				CLANG_WARN_UNGUARDED_AVAILABILITY = YES_AGGRESSIVE;
				CLANG_WARN_UNREACHABLE_CODE = YES;
				CLANG_WARN__DUPLICATE_METHOD_MATCH = YES;
				COPY_PHASE_STRIP = NO;
				DEBUG_INFORMATION_FORMAT = dwarf;
				ENABLE_STRICT_OBJC_MSGSEND = YES;
				ENABLE_TESTABILITY = YES;
				GCC_C_LANGUAGE_STANDARD = gnu11;
				GCC_DYNAMIC_NO_PIC = NO;
				GCC_NO_COMMON_BLOCKS = YES;
				GCC_OPTIMIZATION_LEVEL = 0;
				GCC_PREPROCESSOR_DEFINITIONS = (
					"DEBUG=1",
					"$(inherited)",
				);
				GCC_WARN_64_TO_32_BIT_CONVERSION = YES;
				GCC_WARN_ABOUT_RETURN_TYPE = YES_ERROR;
				GCC_WARN_UNDECLARED_SELECTOR = YES;
				GCC_WARN_UNINITIALIZED_AUTOS = YES_AGGRESSIVE;
				GCC_WARN_UNUSED_FUNCTION = YES;
				GCC_WARN_UNUSED_VARIABLE = YES;
				IPHONEOS_DEPLOYMENT_TARGET = 16.4;
				MTL_ENABLE_DEBUG_INFO = INCLUDE_SOURCE;
				MTL_FAST_MATH = YES;
				ONLY_ACTIVE_ARCH = YES;
				SDKROOT = iphoneos;
				SWIFT_ACTIVE_COMPILATION_CONDITIONS = DEBUG;
				SWIFT_OPTIMIZATION_LEVEL = "-Onone";
			};
			name = Debug;
		};
		CBCE042C2AD85518004AA5F0 /* Release */ = {
			isa = XCBuildConfiguration;
			buildSettings = {
				ALWAYS_SEARCH_USER_PATHS = NO;
				CLANG_ANALYZER_NONNULL = YES;
				CLANG_ANALYZER_NUMBER_OBJECT_CONVERSION = YES_AGGRESSIVE;
				CLANG_CXX_LANGUAGE_STANDARD = "gnu++20";
				CLANG_ENABLE_MODULES = YES;
				CLANG_ENABLE_OBJC_ARC = YES;
				CLANG_ENABLE_OBJC_WEAK = YES;
				CLANG_WARN_BLOCK_CAPTURE_AUTORELEASING = YES;
				CLANG_WARN_BOOL_CONVERSION = YES;
				CLANG_WARN_COMMA = YES;
				CLANG_WARN_CONSTANT_CONVERSION = YES;
				CLANG_WARN_DEPRECATED_OBJC_IMPLEMENTATIONS = YES;
				CLANG_WARN_DIRECT_OBJC_ISA_USAGE = YES_ERROR;
				CLANG_WARN_DOCUMENTATION_COMMENTS = YES;
				CLANG_WARN_EMPTY_BODY = YES;
				CLANG_WARN_ENUM_CONVERSION = YES;
				CLANG_WARN_INFINITE_RECURSION = YES;
				CLANG_WARN_INT_CONVERSION = YES;
				CLANG_WARN_NON_LITERAL_NULL_CONVERSION = YES;
				CLANG_WARN_OBJC_IMPLICIT_RETAIN_SELF = YES;
				CLANG_WARN_OBJC_LITERAL_CONVERSION = YES;
				CLANG_WARN_OBJC_ROOT_CLASS = YES_ERROR;
				CLANG_WARN_QUOTED_INCLUDE_IN_FRAMEWORK_HEADER = YES;
				CLANG_WARN_RANGE_LOOP_ANALYSIS = YES;
				CLANG_WARN_STRICT_PROTOTYPES = YES;
				CLANG_WARN_SUSPICIOUS_MOVE = YES;
				CLANG_WARN_UNGUARDED_AVAILABILITY = YES_AGGRESSIVE;
				CLANG_WARN_UNREACHABLE_CODE = YES;
				CLANG_WARN__DUPLICATE_METHOD_MATCH = YES;
				COPY_PHASE_STRIP = NO;
				DEBUG_INFORMATION_FORMAT = "dwarf-with-dsym";
				ENABLE_NS_ASSERTIONS = NO;
				ENABLE_STRICT_OBJC_MSGSEND = YES;
				GCC_C_LANGUAGE_STANDARD = gnu11;
				GCC_NO_COMMON_BLOCKS = YES;
				GCC_WARN_64_TO_32_BIT_CONVERSION = YES;
				GCC_WARN_ABOUT_RETURN_TYPE = YES_ERROR;
				GCC_WARN_UNDECLARED_SELECTOR = YES;
				GCC_WARN_UNINITIALIZED_AUTOS = YES_AGGRESSIVE;
				GCC_WARN_UNUSED_FUNCTION = YES;
				GCC_WARN_UNUSED_VARIABLE = YES;
				IPHONEOS_DEPLOYMENT_TARGET = 16.4;
				MTL_ENABLE_DEBUG_INFO = NO;
				MTL_FAST_MATH = YES;
				SDKROOT = iphoneos;
				SWIFT_COMPILATION_MODE = wholemodule;
				SWIFT_OPTIMIZATION_LEVEL = "-O";
				VALIDATE_PRODUCT = YES;
			};
			name = Release;
		};
		CBCE042E2AD85518004AA5F0 /* Debug */ = {
			isa = XCBuildConfiguration;
			baseConfigurationReference = 36D2DCD53460AC99325906B7 /* Pods-social_media.debug.xcconfig */;
			buildSettings = {
				ALWAYS_EMBED_SWIFT_STANDARD_LIBRARIES = YES;
				ASSETCATALOG_COMPILER_APPICON_NAME = AppIcon;
				ASSETCATALOG_COMPILER_GLOBAL_ACCENT_COLOR_NAME = AccentColor;
				CODE_SIGN_STYLE = Automatic;
				CURRENT_PROJECT_VERSION = 1;
				DEVELOPMENT_TEAM = Y5B46GH7KM;
				GENERATE_INFOPLIST_FILE = YES;
				INFOPLIST_FILE = social_media/Info.plist;
				INFOPLIST_KEY_UIApplicationSupportsIndirectInputEvents = YES;
				INFOPLIST_KEY_UILaunchStoryboardName = LaunchScreen;
				INFOPLIST_KEY_UISupportedInterfaceOrientations_iPad = "UIInterfaceOrientationPortrait UIInterfaceOrientationPortraitUpsideDown UIInterfaceOrientationLandscapeLeft UIInterfaceOrientationLandscapeRight";
				INFOPLIST_KEY_UISupportedInterfaceOrientations_iPhone = "UIInterfaceOrientationPortrait UIInterfaceOrientationLandscapeLeft UIInterfaceOrientationLandscapeRight";
				LD_RUNPATH_SEARCH_PATHS = (
					"$(inherited)",
					"@executable_path/Frameworks",
				);
				MARKETING_VERSION = 1.0;
				PRODUCT_BUNDLE_IDENTIFIER = "com.MariaNesterova.social-media";
				PRODUCT_NAME = "$(TARGET_NAME)";
				SWIFT_EMIT_LOC_STRINGS = YES;
				SWIFT_VERSION = 5.0;
				TARGETED_DEVICE_FAMILY = "1,2";
			};
			name = Debug;
		};
		CBCE042F2AD85518004AA5F0 /* Release */ = {
			isa = XCBuildConfiguration;
			baseConfigurationReference = 0464AB4C83410DC10B0EDEB4 /* Pods-social_media.release.xcconfig */;
			buildSettings = {
				ALWAYS_EMBED_SWIFT_STANDARD_LIBRARIES = YES;
				ASSETCATALOG_COMPILER_APPICON_NAME = AppIcon;
				ASSETCATALOG_COMPILER_GLOBAL_ACCENT_COLOR_NAME = AccentColor;
				CODE_SIGN_STYLE = Automatic;
				CURRENT_PROJECT_VERSION = 1;
				DEVELOPMENT_TEAM = Y5B46GH7KM;
				GENERATE_INFOPLIST_FILE = YES;
				INFOPLIST_FILE = social_media/Info.plist;
				INFOPLIST_KEY_UIApplicationSupportsIndirectInputEvents = YES;
				INFOPLIST_KEY_UILaunchStoryboardName = LaunchScreen;
				INFOPLIST_KEY_UISupportedInterfaceOrientations_iPad = "UIInterfaceOrientationPortrait UIInterfaceOrientationPortraitUpsideDown UIInterfaceOrientationLandscapeLeft UIInterfaceOrientationLandscapeRight";
				INFOPLIST_KEY_UISupportedInterfaceOrientations_iPhone = "UIInterfaceOrientationPortrait UIInterfaceOrientationLandscapeLeft UIInterfaceOrientationLandscapeRight";
				LD_RUNPATH_SEARCH_PATHS = (
					"$(inherited)",
					"@executable_path/Frameworks",
				);
				MARKETING_VERSION = 1.0;
				PRODUCT_BUNDLE_IDENTIFIER = "com.MariaNesterova.social-media";
				PRODUCT_NAME = "$(TARGET_NAME)";
				SWIFT_EMIT_LOC_STRINGS = YES;
				SWIFT_VERSION = 5.0;
				TARGETED_DEVICE_FAMILY = "1,2";
			};
			name = Release;
		};
/* End XCBuildConfiguration section */

/* Begin XCConfigurationList section */
		CB7C2C6E2AFB8A050060D22E /* Build configuration list for PBXNativeTarget "StorageService" */ = {
			isa = XCConfigurationList;
			buildConfigurations = (
				CB7C2C6C2AFB8A050060D22E /* Debug */,
				CB7C2C6D2AFB8A050060D22E /* Release */,
			);
			defaultConfigurationIsVisible = 0;
			defaultConfigurationName = Release;
		};
		CBCE04142AD85518004AA5F0 /* Build configuration list for PBXProject "social_media" */ = {
			isa = XCConfigurationList;
			buildConfigurations = (
				CBCE042B2AD85518004AA5F0 /* Debug */,
				CBCE042C2AD85518004AA5F0 /* Release */,
			);
			defaultConfigurationIsVisible = 0;
			defaultConfigurationName = Release;
		};
		CBCE042D2AD85518004AA5F0 /* Build configuration list for PBXNativeTarget "social_media" */ = {
			isa = XCConfigurationList;
			buildConfigurations = (
				CBCE042E2AD85518004AA5F0 /* Debug */,
				CBCE042F2AD85518004AA5F0 /* Release */,
			);
			defaultConfigurationIsVisible = 0;
			defaultConfigurationName = Release;
		};
/* End XCConfigurationList section */

/* Begin XCRemoteSwiftPackageReference section */
		CB4837032AFBEC3C00425EF0 /* XCRemoteSwiftPackageReference "iOSIntPackage" */ = {
			isa = XCRemoteSwiftPackageReference;
			repositoryURL = "https://github.com/TrueMax/iOSIntPackage.git";
			requirement = {
				branch = imagepublisher;
				kind = branch;
			};
		};
/* End XCRemoteSwiftPackageReference section */

/* Begin XCSwiftPackageProductDependency section */
		CB4837042AFBEDB200425EF0 /* iOSIntPackage */ = {
			isa = XCSwiftPackageProductDependency;
			package = CB4837032AFBEC3C00425EF0 /* XCRemoteSwiftPackageReference "iOSIntPackage" */;
			productName = iOSIntPackage;
		};
/* End XCSwiftPackageProductDependency section */
	};
	rootObject = CBCE04112AD85518004AA5F0 /* Project object */;
}
