// !$*UTF8*$!
{
	archiveVersion = 1;
	classes = {
	};
	objectVersion = 56;
	objects = {

/* Begin PBXBuildFile section */
		CBC9BCF32AD9A7BB0025AF3E /* ProfileHeaderView.swift in Sources */ = {isa = PBXBuildFile; fileRef = CBC9BCF22AD9A7BB0025AF3E /* ProfileHeaderView.swift */; };
		CBCE041D2AD85518004AA5F0 /* AppDelegate.swift in Sources */ = {isa = PBXBuildFile; fileRef = CBCE041C2AD85518004AA5F0 /* AppDelegate.swift */; };
		CBCE04212AD85518004AA5F0 /* ViewController.swift in Sources */ = {isa = PBXBuildFile; fileRef = CBCE04202AD85518004AA5F0 /* ViewController.swift */; };
		CBCE04262AD85518004AA5F0 /* Assets.xcassets in Resources */ = {isa = PBXBuildFile; fileRef = CBCE04252AD85518004AA5F0 /* Assets.xcassets */; };
		CBCE04292AD85518004AA5F0 /* LaunchScreen.storyboard in Resources */ = {isa = PBXBuildFile; fileRef = CBCE04272AD85518004AA5F0 /* LaunchScreen.storyboard */; };
		CBCE04312AD85C58004AA5F0 /* FeedViewController.swift in Sources */ = {isa = PBXBuildFile; fileRef = CBCE04302AD85C58004AA5F0 /* FeedViewController.swift */; };
		CBCE04332AD85CFB004AA5F0 /* ProfileViewController.swift in Sources */ = {isa = PBXBuildFile; fileRef = CBCE04322AD85CFB004AA5F0 /* ProfileViewController.swift */; };
		CBCE04352AD85D73004AA5F0 /* PostViewController.swift in Sources */ = {isa = PBXBuildFile; fileRef = CBCE04342AD85D73004AA5F0 /* PostViewController.swift */; };
		CBCE04372AD86441004AA5F0 /* Post.swift in Sources */ = {isa = PBXBuildFile; fileRef = CBCE04362AD86441004AA5F0 /* Post.swift */; };
		CBCE04392AD870B0004AA5F0 /* InfoViewController.swift in Sources */ = {isa = PBXBuildFile; fileRef = CBCE04382AD870B0004AA5F0 /* InfoViewController.swift */; };
/* End PBXBuildFile section */

/* Begin PBXFileReference section */
		CBC9BCF22AD9A7BB0025AF3E /* ProfileHeaderView.swift */ = {isa = PBXFileReference; lastKnownFileType = sourcecode.swift; path = ProfileHeaderView.swift; sourceTree = "<group>"; };
		CBCE04192AD85518004AA5F0 /* social_media.app */ = {isa = PBXFileReference; explicitFileType = wrapper.application; includeInIndex = 0; path = social_media.app; sourceTree = BUILT_PRODUCTS_DIR; };
		CBCE041C2AD85518004AA5F0 /* AppDelegate.swift */ = {isa = PBXFileReference; lastKnownFileType = sourcecode.swift; path = AppDelegate.swift; sourceTree = "<group>"; };
		CBCE04202AD85518004AA5F0 /* ViewController.swift */ = {isa = PBXFileReference; lastKnownFileType = sourcecode.swift; path = ViewController.swift; sourceTree = "<group>"; };
		CBCE04252AD85518004AA5F0 /* Assets.xcassets */ = {isa = PBXFileReference; lastKnownFileType = folder.assetcatalog; path = Assets.xcassets; sourceTree = "<group>"; };
		CBCE04282AD85518004AA5F0 /* Base */ = {isa = PBXFileReference; lastKnownFileType = file.storyboard; name = Base; path = Base.lproj/LaunchScreen.storyboard; sourceTree = "<group>"; };
		CBCE042A2AD85518004AA5F0 /* Info.plist */ = {isa = PBXFileReference; lastKnownFileType = text.plist.xml; path = Info.plist; sourceTree = "<group>"; };
		CBCE04302AD85C58004AA5F0 /* FeedViewController.swift */ = {isa = PBXFileReference; lastKnownFileType = sourcecode.swift; path = FeedViewController.swift; sourceTree = "<group>"; };
		CBCE04322AD85CFB004AA5F0 /* ProfileViewController.swift */ = {isa = PBXFileReference; lastKnownFileType = sourcecode.swift; path = ProfileViewController.swift; sourceTree = "<group>"; };
		CBCE04342AD85D73004AA5F0 /* PostViewController.swift */ = {isa = PBXFileReference; lastKnownFileType = sourcecode.swift; path = PostViewController.swift; sourceTree = "<group>"; };
		CBCE04362AD86441004AA5F0 /* Post.swift */ = {isa = PBXFileReference; lastKnownFileType = sourcecode.swift; path = Post.swift; sourceTree = "<group>"; };
		CBCE04382AD870B0004AA5F0 /* InfoViewController.swift */ = {isa = PBXFileReference; lastKnownFileType = sourcecode.swift; path = InfoViewController.swift; sourceTree = "<group>"; };
/* End PBXFileReference section */

/* Begin PBXFrameworksBuildPhase section */
		CBCE04162AD85518004AA5F0 /* Frameworks */ = {
			isa = PBXFrameworksBuildPhase;
			buildActionMask = 2147483647;
			files = (
			);
			runOnlyForDeploymentPostprocessing = 0;
		};
/* End PBXFrameworksBuildPhase section */

/* Begin PBXGroup section */
		CBC9BCF12AD9A7880025AF3E /* Profile */ = {
			isa = PBXGroup;
			children = (
				CBC9BCF22AD9A7BB0025AF3E /* ProfileHeaderView.swift */,
				CBCE04322AD85CFB004AA5F0 /* ProfileViewController.swift */,
			);
			path = Profile;
			sourceTree = "<group>";
		};
		CBCE04102AD85518004AA5F0 = {
			isa = PBXGroup;
			children = (
				CBCE041B2AD85518004AA5F0 /* social_media */,
				CBCE041A2AD85518004AA5F0 /* Products */,
			);
			sourceTree = "<group>";
		};
		CBCE041A2AD85518004AA5F0 /* Products */ = {
			isa = PBXGroup;
			children = (
				CBCE04192AD85518004AA5F0 /* social_media.app */,
			);
			name = Products;
			sourceTree = "<group>";
		};
		CBCE041B2AD85518004AA5F0 /* social_media */ = {
			isa = PBXGroup;
			children = (
				CBC9BCF12AD9A7880025AF3E /* Profile */,
				CBCE04362AD86441004AA5F0 /* Post.swift */,
				CBCE04382AD870B0004AA5F0 /* InfoViewController.swift */,
				CBCE04342AD85D73004AA5F0 /* PostViewController.swift */,
				CBCE04302AD85C58004AA5F0 /* FeedViewController.swift */,
				CBCE041C2AD85518004AA5F0 /* AppDelegate.swift */,
				CBCE04202AD85518004AA5F0 /* ViewController.swift */,
				CBCE04252AD85518004AA5F0 /* Assets.xcassets */,
				CBCE04272AD85518004AA5F0 /* LaunchScreen.storyboard */,
				CBCE042A2AD85518004AA5F0 /* Info.plist */,
			);
			path = social_media;
			sourceTree = "<group>";
		};
/* End PBXGroup section */

/* Begin PBXNativeTarget section */
		CBCE04182AD85518004AA5F0 /* social_media */ = {
			isa = PBXNativeTarget;
			buildConfigurationList = CBCE042D2AD85518004AA5F0 /* Build configuration list for PBXNativeTarget "social_media" */;
			buildPhases = (
				CBCE04152AD85518004AA5F0 /* Sources */,
				CBCE04162AD85518004AA5F0 /* Frameworks */,
				CBCE04172AD85518004AA5F0 /* Resources */,
			);
			buildRules = (
			);
			dependencies = (
			);
			name = social_media;
			productName = social_media;
			productReference = CBCE04192AD85518004AA5F0 /* social_media.app */;
			productType = "com.apple.product-type.application";
		};
/* End PBXNativeTarget section */

/* Begin PBXProject section */
		CBCE04112AD85518004AA5F0 /* Project object */ = {
			isa = PBXProject;
			attributes = {
				BuildIndependentTargetsInParallel = 1;
				LastSwiftUpdateCheck = 1430;
				LastUpgradeCheck = 1430;
				TargetAttributes = {
					CBCE04182AD85518004AA5F0 = {
						CreatedOnToolsVersion = 14.3.1;
					};
				};
			};
			buildConfigurationList = CBCE04142AD85518004AA5F0 /* Build configuration list for PBXProject "social_media" */;
			compatibilityVersion = "Xcode 14.0";
			developmentRegion = en;
			hasScannedForEncodings = 0;
			knownRegions = (
				en,
				Base,
			);
			mainGroup = CBCE04102AD85518004AA5F0;
			productRefGroup = CBCE041A2AD85518004AA5F0 /* Products */;
			projectDirPath = "";
			projectRoot = "";
			targets = (
				CBCE04182AD85518004AA5F0 /* social_media */,
			);
		};
/* End PBXProject section */

/* Begin PBXResourcesBuildPhase section */
		CBCE04172AD85518004AA5F0 /* Resources */ = {
			isa = PBXResourcesBuildPhase;
			buildActionMask = 2147483647;
			files = (
				CBCE04292AD85518004AA5F0 /* LaunchScreen.storyboard in Resources */,
				CBCE04262AD85518004AA5F0 /* Assets.xcassets in Resources */,
			);
			runOnlyForDeploymentPostprocessing = 0;
		};
/* End PBXResourcesBuildPhase section */

/* Begin PBXSourcesBuildPhase section */
		CBCE04152AD85518004AA5F0 /* Sources */ = {
			isa = PBXSourcesBuildPhase;
			buildActionMask = 2147483647;
			files = (
				CBCE04212AD85518004AA5F0 /* ViewController.swift in Sources */,
				CBCE04312AD85C58004AA5F0 /* FeedViewController.swift in Sources */,
				CBCE04332AD85CFB004AA5F0 /* ProfileViewController.swift in Sources */,
				CBCE04392AD870B0004AA5F0 /* InfoViewController.swift in Sources */,
				CBCE04372AD86441004AA5F0 /* Post.swift in Sources */,
				CBCE041D2AD85518004AA5F0 /* AppDelegate.swift in Sources */,
				CBCE04352AD85D73004AA5F0 /* PostViewController.swift in Sources */,
				CBC9BCF32AD9A7BB0025AF3E /* ProfileHeaderView.swift in Sources */,
			);
			runOnlyForDeploymentPostprocessing = 0;
		};
/* End PBXSourcesBuildPhase section */

/* Begin PBXVariantGroup section */
		CBCE04272AD85518004AA5F0 /* LaunchScreen.storyboard */ = {
			isa = PBXVariantGroup;
			children = (
				CBCE04282AD85518004AA5F0 /* Base */,
			);
			name = LaunchScreen.storyboard;
			sourceTree = "<group>";
		};
/* End PBXVariantGroup section */

/* Begin XCBuildConfiguration section */
		CBCE042B2AD85518004AA5F0 /* Debug */ = {
			isa = XCBuildConfiguration;
			buildSettings = {
				ALWAYS_SEARCH_USER_PATHS = NO;
				CLANG_ANALYZER_NONNULL = YES;
				CLANG_ANALYZER_NUMBER_OBJECT_CONVERSION = YES_AGGRESSIVE;
				CLANG_CXX_LANGUAGE_STANDARD = "gnu++20";
				CLANG_ENABLE_MODULES = YES;
				CLANG_ENABLE_OBJC_ARC = YES;
				CLANG_ENABLE_OBJC_WEAK = YES;
				CLANG_WARN_BLOCK_CAPTURE_AUTORELEASING = YES;
				CLANG_WARN_BOOL_CONVERSION = YES;
				CLANG_WARN_COMMA = YES;
				CLANG_WARN_CONSTANT_CONVERSION = YES;
				CLANG_WARN_DEPRECATED_OBJC_IMPLEMENTATIONS = YES;
				CLANG_WARN_DIRECT_OBJC_ISA_USAGE = YES_ERROR;
				CLANG_WARN_DOCUMENTATION_COMMENTS = YES;
				CLANG_WARN_EMPTY_BODY = YES;
				CLANG_WARN_ENUM_CONVERSION = YES;
				CLANG_WARN_INFINITE_RECURSION = YES;
				CLANG_WARN_INT_CONVERSION = YES;
				CLANG_WARN_NON_LITERAL_NULL_CONVERSION = YES;
				CLANG_WARN_OBJC_IMPLICIT_RETAIN_SELF = YES;
				CLANG_WARN_OBJC_LITERAL_CONVERSION = YES;
				CLANG_WARN_OBJC_ROOT_CLASS = YES_ERROR;
				CLANG_WARN_QUOTED_INCLUDE_IN_FRAMEWORK_HEADER = YES;
				CLANG_WARN_RANGE_LOOP_ANALYSIS = YES;
				CLANG_WARN_STRICT_PROTOTYPES = YES;
				CLANG_WARN_SUSPICIOUS_MOVE = YES;
				CLANG_WARN_UNGUARDED_AVAILABILITY = YES_AGGRESSIVE;
				CLANG_WARN_UNREACHABLE_CODE = YES;
				CLANG_WARN__DUPLICATE_METHOD_MATCH = YES;
				COPY_PHASE_STRIP = NO;
				DEBUG_INFORMATION_FORMAT = dwarf;
				ENABLE_STRICT_OBJC_MSGSEND = YES;
				ENABLE_TESTABILITY = YES;
				GCC_C_LANGUAGE_STANDARD = gnu11;
				GCC_DYNAMIC_NO_PIC = NO;
				GCC_NO_COMMON_BLOCKS = YES;
				GCC_OPTIMIZATION_LEVEL = 0;
				GCC_PREPROCESSOR_DEFINITIONS = (
					"DEBUG=1",
					"$(inherited)",
				);
				GCC_WARN_64_TO_32_BIT_CONVERSION = YES;
				GCC_WARN_ABOUT_RETURN_TYPE = YES_ERROR;
				GCC_WARN_UNDECLARED_SELECTOR = YES;
				GCC_WARN_UNINITIALIZED_AUTOS = YES_AGGRESSIVE;
				GCC_WARN_UNUSED_FUNCTION = YES;
				GCC_WARN_UNUSED_VARIABLE = YES;
				IPHONEOS_DEPLOYMENT_TARGET = 16.4;
				MTL_ENABLE_DEBUG_INFO = INCLUDE_SOURCE;
				MTL_FAST_MATH = YES;
				ONLY_ACTIVE_ARCH = YES;
				SDKROOT = iphoneos;
				SWIFT_ACTIVE_COMPILATION_CONDITIONS = DEBUG;
				SWIFT_OPTIMIZATION_LEVEL = "-Onone";
			};
			name = Debug;
		};
		CBCE042C2AD85518004AA5F0 /* Release */ = {
			isa = XCBuildConfiguration;
			buildSettings = {
				ALWAYS_SEARCH_USER_PATHS = NO;
				CLANG_ANALYZER_NONNULL = YES;
				CLANG_ANALYZER_NUMBER_OBJECT_CONVERSION = YES_AGGRESSIVE;
				CLANG_CXX_LANGUAGE_STANDARD = "gnu++20";
				CLANG_ENABLE_MODULES = YES;
				CLANG_ENABLE_OBJC_ARC = YES;
				CLANG_ENABLE_OBJC_WEAK = YES;
				CLANG_WARN_BLOCK_CAPTURE_AUTORELEASING = YES;
				CLANG_WARN_BOOL_CONVERSION = YES;
				CLANG_WARN_COMMA = YES;
				CLANG_WARN_CONSTANT_CONVERSION = YES;
				CLANG_WARN_DEPRECATED_OBJC_IMPLEMENTATIONS = YES;
				CLANG_WARN_DIRECT_OBJC_ISA_USAGE = YES_ERROR;
				CLANG_WARN_DOCUMENTATION_COMMENTS = YES;
				CLANG_WARN_EMPTY_BODY = YES;
				CLANG_WARN_ENUM_CONVERSION = YES;
				CLANG_WARN_INFINITE_RECURSION = YES;
				CLANG_WARN_INT_CONVERSION = YES;
				CLANG_WARN_NON_LITERAL_NULL_CONVERSION = YES;
				CLANG_WARN_OBJC_IMPLICIT_RETAIN_SELF = YES;
				CLANG_WARN_OBJC_LITERAL_CONVERSION = YES;
				CLANG_WARN_OBJC_ROOT_CLASS = YES_ERROR;
				CLANG_WARN_QUOTED_INCLUDE_IN_FRAMEWORK_HEADER = YES;
				CLANG_WARN_RANGE_LOOP_ANALYSIS = YES;
				CLANG_WARN_STRICT_PROTOTYPES = YES;
				CLANG_WARN_SUSPICIOUS_MOVE = YES;
				CLANG_WARN_UNGUARDED_AVAILABILITY = YES_AGGRESSIVE;
				CLANG_WARN_UNREACHABLE_CODE = YES;
				CLANG_WARN__DUPLICATE_METHOD_MATCH = YES;
				COPY_PHASE_STRIP = NO;
				DEBUG_INFORMATION_FORMAT = "dwarf-with-dsym";
				ENABLE_NS_ASSERTIONS = NO;
				ENABLE_STRICT_OBJC_MSGSEND = YES;
				GCC_C_LANGUAGE_STANDARD = gnu11;
				GCC_NO_COMMON_BLOCKS = YES;
				GCC_WARN_64_TO_32_BIT_CONVERSION = YES;
				GCC_WARN_ABOUT_RETURN_TYPE = YES_ERROR;
				GCC_WARN_UNDECLARED_SELECTOR = YES;
				GCC_WARN_UNINITIALIZED_AUTOS = YES_AGGRESSIVE;
				GCC_WARN_UNUSED_FUNCTION = YES;
				GCC_WARN_UNUSED_VARIABLE = YES;
				IPHONEOS_DEPLOYMENT_TARGET = 16.4;
				MTL_ENABLE_DEBUG_INFO = NO;
				MTL_FAST_MATH = YES;
				SDKROOT = iphoneos;
				SWIFT_COMPILATION_MODE = wholemodule;
				SWIFT_OPTIMIZATION_LEVEL = "-O";
				VALIDATE_PRODUCT = YES;
			};
			name = Release;
		};
		CBCE042E2AD85518004AA5F0 /* Debug */ = {
			isa = XCBuildConfiguration;
			buildSettings = {
				ASSETCATALOG_COMPILER_APPICON_NAME = AppIcon;
				ASSETCATALOG_COMPILER_GLOBAL_ACCENT_COLOR_NAME = AccentColor;
				CODE_SIGN_STYLE = Automatic;
				CURRENT_PROJECT_VERSION = 1;
				DEVELOPMENT_TEAM = Y5B46GH7KM;
				GENERATE_INFOPLIST_FILE = YES;
				INFOPLIST_FILE = social_media/Info.plist;
				INFOPLIST_KEY_UIApplicationSupportsIndirectInputEvents = YES;
				INFOPLIST_KEY_UILaunchStoryboardName = LaunchScreen;
				INFOPLIST_KEY_UISupportedInterfaceOrientations_iPad = "UIInterfaceOrientationPortrait UIInterfaceOrientationPortraitUpsideDown UIInterfaceOrientationLandscapeLeft UIInterfaceOrientationLandscapeRight";
				INFOPLIST_KEY_UISupportedInterfaceOrientations_iPhone = "UIInterfaceOrientationPortrait UIInterfaceOrientationLandscapeLeft UIInterfaceOrientationLandscapeRight";
				LD_RUNPATH_SEARCH_PATHS = (
					"$(inherited)",
					"@executable_path/Frameworks",
				);
				MARKETING_VERSION = 1.0;
				PRODUCT_BUNDLE_IDENTIFIER = "com.MariaNesterova.social-media";
				PRODUCT_NAME = "$(TARGET_NAME)";
				SWIFT_EMIT_LOC_STRINGS = YES;
				SWIFT_VERSION = 5.0;
				TARGETED_DEVICE_FAMILY = "1,2";
			};
			name = Debug;
		};
		CBCE042F2AD85518004AA5F0 /* Release */ = {
			isa = XCBuildConfiguration;
			buildSettings = {
				ASSETCATALOG_COMPILER_APPICON_NAME = AppIcon;
				ASSETCATALOG_COMPILER_GLOBAL_ACCENT_COLOR_NAME = AccentColor;
				CODE_SIGN_STYLE = Automatic;
				CURRENT_PROJECT_VERSION = 1;
				DEVELOPMENT_TEAM = Y5B46GH7KM;
				GENERATE_INFOPLIST_FILE = YES;
				INFOPLIST_FILE = social_media/Info.plist;
				INFOPLIST_KEY_UIApplicationSupportsIndirectInputEvents = YES;
				INFOPLIST_KEY_UILaunchStoryboardName = LaunchScreen;
				INFOPLIST_KEY_UISupportedInterfaceOrientations_iPad = "UIInterfaceOrientationPortrait UIInterfaceOrientationPortraitUpsideDown UIInterfaceOrientationLandscapeLeft UIInterfaceOrientationLandscapeRight";
				INFOPLIST_KEY_UISupportedInterfaceOrientations_iPhone = "UIInterfaceOrientationPortrait UIInterfaceOrientationLandscapeLeft UIInterfaceOrientationLandscapeRight";
				LD_RUNPATH_SEARCH_PATHS = (
					"$(inherited)",
					"@executable_path/Frameworks",
				);
				MARKETING_VERSION = 1.0;
				PRODUCT_BUNDLE_IDENTIFIER = "com.MariaNesterova.social-media";
				PRODUCT_NAME = "$(TARGET_NAME)";
				SWIFT_EMIT_LOC_STRINGS = YES;
				SWIFT_VERSION = 5.0;
				TARGETED_DEVICE_FAMILY = "1,2";
			};
			name = Release;
		};
/* End XCBuildConfiguration section */

/* Begin XCConfigurationList section */
		CBCE04142AD85518004AA5F0 /* Build configuration list for PBXProject "social_media" */ = {
			isa = XCConfigurationList;
			buildConfigurations = (
				CBCE042B2AD85518004AA5F0 /* Debug */,
				CBCE042C2AD85518004AA5F0 /* Release */,
			);
			defaultConfigurationIsVisible = 0;
			defaultConfigurationName = Release;
		};
		CBCE042D2AD85518004AA5F0 /* Build configuration list for PBXNativeTarget "social_media" */ = {
			isa = XCConfigurationList;
			buildConfigurations = (
				CBCE042E2AD85518004AA5F0 /* Debug */,
				CBCE042F2AD85518004AA5F0 /* Release */,
			);
			defaultConfigurationIsVisible = 0;
			defaultConfigurationName = Release;
		};
/* End XCConfigurationList section */
	};
	rootObject = CBCE04112AD85518004AA5F0 /* Project object */;
}
